Microsoft Visual Studio Solution File, Format Version 11.00
# Visual Studio 2008

Project("{9C5366A6-EDAC-1E4E-524C-5E04AA363318}") = "FEUP-SDIS", "Assembly-CSharp-firstpass.csproj", "{9C6E7D17-528E-F59D-2E90-9A89FE928840}"
EndProject
Project("{9C5366A6-EDAC-1E4E-524C-5E04AA363318}") = "FEUP-SDIS", "Assembly-CSharp.csproj", "{9C00F4B0-B0E0-946D-B628-37196B181C4B}"
EndProject
Project("{9C5366A6-EDAC-1E4E-524C-5E04AA363318}") = "FEUP-SDIS", "Assembly-CSharp-Editor.csproj", "{60BB513C-1CB9-D659-8BEA-18273CAD5852}"
EndProject
Global
	GlobalSection(SolutionConfigurationPlatforms) = preSolution
		Debug|Any CPU = Debug|Any CPU
		Release|Any CPU = Release|Any CPU
	EndGlobalSection
	GlobalSection(ProjectConfigurationPlatforms) = postSolution
		{9C6E7D17-528E-F59D-2E90-9A89FE928840}.Debug|Any CPU.ActiveCfg = Debug|Any CPU
		{9C6E7D17-528E-F59D-2E90-9A89FE928840}.Debug|Any CPU.Build.0 = Debug|Any CPU
		{9C6E7D17-528E-F59D-2E90-9A89FE928840}.Release|Any CPU.ActiveCfg = Release|Any CPU
		{9C6E7D17-528E-F59D-2E90-9A89FE928840}.Release|Any CPU.Build.0 = Release|Any CPU
		{9C00F4B0-B0E0-946D-B628-37196B181C4B}.Debug|Any CPU.ActiveCfg = Debug|Any CPU
		{9C00F4B0-B0E0-946D-B628-37196B181C4B}.Debug|Any CPU.Build.0 = Debug|Any CPU
		{9C00F4B0-B0E0-946D-B628-37196B181C4B}.Release|Any CPU.ActiveCfg = Release|Any CPU
		{9C00F4B0-B0E0-946D-B628-37196B181C4B}.Release|Any CPU.Build.0 = Release|Any CPU
		{60BB513C-1CB9-D659-8BEA-18273CAD5852}.Debug|Any CPU.ActiveCfg = Debug|Any CPU
		{60BB513C-1CB9-D659-8BEA-18273CAD5852}.Debug|Any CPU.Build.0 = Debug|Any CPU
		{60BB513C-1CB9-D659-8BEA-18273CAD5852}.Release|Any CPU.ActiveCfg = Release|Any CPU
		{60BB513C-1CB9-D659-8BEA-18273CAD5852}.Release|Any CPU.Build.0 = Release|Any CPU
	EndGlobalSection
	GlobalSection(SolutionProperties) = preSolution
		HideSolutionNode = FALSE
	EndGlobalSection
																				GlobalSection(MonoDevelopProperties) = preSolution
		StartupItem = Assembly-CSharp.csproj
		Policies = $0
		$0.TextStylePolicy = $1
		$1.inheritsSet = null
		$1.scope = text/x-csharp
		$0.CSharpFormattingPolicy = $2
		$2.inheritsSet = Mono
		$2.inheritsScope = text/x-csharp
		$2.scope = text/x-csharp
		$0.TextStylePolicy = $3
		$3.FileWidth = 120
		$3.TabWidth = 4
		$3.IndentWidth = 4
		$3.EolMarker = Unix
		$3.inheritsSet = Mono
		$3.inheritsScope = text/plain
		$3.scope = text/plain
	EndGlobalSection

EndGlobal
